// !$*UTF8*$!
{
	archiveVersion = 1;
	classes = {
	};
	objectVersion = 50;
	objects = {

/* Begin PBXBuildFile section */
		C1B92C2C2517AC8300060E21 /* AppDelegate.swift in Sources */ = {isa = PBXBuildFile; fileRef = C1B92C2B2517AC8300060E21 /* AppDelegate.swift */; };
		C1B92C2E2517AC8300060E21 /* SceneDelegate.swift in Sources */ = {isa = PBXBuildFile; fileRef = C1B92C2D2517AC8300060E21 /* SceneDelegate.swift */; };
		C1B92C302517AC8300060E21 /* ViewController.swift in Sources */ = {isa = PBXBuildFile; fileRef = C1B92C2F2517AC8300060E21 /* ViewController.swift */; };
		C1B92C332517AC8300060E21 /* Main.storyboard in Resources */ = {isa = PBXBuildFile; fileRef = C1B92C312517AC8300060E21 /* Main.storyboard */; };
		C1B92C352517AC8400060E21 /* Assets.xcassets in Resources */ = {isa = PBXBuildFile; fileRef = C1B92C342517AC8400060E21 /* Assets.xcassets */; };
		C1B92C382517AC8400060E21 /* LaunchScreen.storyboard in Resources */ = {isa = PBXBuildFile; fileRef = C1B92C362517AC8400060E21 /* LaunchScreen.storyboard */; };
		C1B92C402519084A00060E21 /* Text.swift in Sources */ = {isa = PBXBuildFile; fileRef = C1B92C3F2519084A00060E21 /* Text.swift */; };
		C1B92C4225190BD000060E21 /* HexColor.swift in Sources */ = {isa = PBXBuildFile; fileRef = C1B92C4125190BD000060E21 /* HexColor.swift */; };
/* End PBXBuildFile section */

/* Begin PBXFileReference section */
		C1B92C282517AC8300060E21 /* Simple App.app */ = {isa = PBXFileReference; explicitFileType = wrapper.application; includeInIndex = 0; path = "Simple App.app"; sourceTree = BUILT_PRODUCTS_DIR; };
		C1B92C2B2517AC8300060E21 /* AppDelegate.swift */ = {isa = PBXFileReference; lastKnownFileType = sourcecode.swift; path = AppDelegate.swift; sourceTree = "<group>"; };
		C1B92C2D2517AC8300060E21 /* SceneDelegate.swift */ = {isa = PBXFileReference; lastKnownFileType = sourcecode.swift; path = SceneDelegate.swift; sourceTree = "<group>"; };
		C1B92C2F2517AC8300060E21 /* ViewController.swift */ = {isa = PBXFileReference; lastKnownFileType = sourcecode.swift; path = ViewController.swift; sourceTree = "<group>"; };
		C1B92C322517AC8300060E21 /* Base */ = {isa = PBXFileReference; lastKnownFileType = file.storyboard; name = Base; path = Base.lproj/Main.storyboard; sourceTree = "<group>"; };
		C1B92C342517AC8400060E21 /* Assets.xcassets */ = {isa = PBXFileReference; lastKnownFileType = folder.assetcatalog; path = Assets.xcassets; sourceTree = "<group>"; };
		C1B92C372517AC8400060E21 /* Base */ = {isa = PBXFileReference; lastKnownFileType = file.storyboard; name = Base; path = Base.lproj/LaunchScreen.storyboard; sourceTree = "<group>"; };
		C1B92C392517AC8400060E21 /* Info.plist */ = {isa = PBXFileReference; lastKnownFileType = text.plist.xml; path = Info.plist; sourceTree = "<group>"; };
		C1B92C3F2519084A00060E21 /* Text.swift */ = {isa = PBXFileReference; lastKnownFileType = sourcecode.swift; path = Text.swift; sourceTree = "<group>"; };
		C1B92C4125190BD000060E21 /* HexColor.swift */ = {isa = PBXFileReference; lastKnownFileType = sourcecode.swift; path = HexColor.swift; sourceTree = "<group>"; };
/* End PBXFileReference section */

/* Begin PBXFrameworksBuildPhase section */
		C1B92C252517AC8300060E21 /* Frameworks */ = {
			isa = PBXFrameworksBuildPhase;
			buildActionMask = 2147483647;
			files = (
			);
			runOnlyForDeploymentPostprocessing = 0;
		};
/* End PBXFrameworksBuildPhase section */

/* Begin PBXGroup section */
		C1B92C1F2517AC8300060E21 = {
			isa = PBXGroup;
			children = (
				C1B92C2A2517AC8300060E21 /* Simple App */,
				C1B92C292517AC8300060E21 /* Products */,
			);
			sourceTree = "<group>";
		};
		C1B92C292517AC8300060E21 /* Products */ = {
			isa = PBXGroup;
			children = (
				C1B92C282517AC8300060E21 /* Simple App.app */,
			);
			name = Products;
			sourceTree = "<group>";
		};
		C1B92C2A2517AC8300060E21 /* Simple App */ = {
			isa = PBXGroup;
			children = (
				C1B92C2B2517AC8300060E21 /* AppDelegate.swift */,
				C1B92C2D2517AC8300060E21 /* SceneDelegate.swift */,
				C1B92C2F2517AC8300060E21 /* ViewController.swift */,
				C1B92C3F2519084A00060E21 /* Text.swift */,
				C1B92C4125190BD000060E21 /* HexColor.swift */,
				C1B92C312517AC8300060E21 /* Main.storyboard */,
				C1B92C342517AC8400060E21 /* Assets.xcassets */,
				C1B92C362517AC8400060E21 /* LaunchScreen.storyboard */,
				C1B92C392517AC8400060E21 /* Info.plist */,
			);
			path = "Simple App";
			sourceTree = "<group>";
		};
/* End PBXGroup section */

/* Begin PBXNativeTarget section */
		C1B92C272517AC8300060E21 /* Simple App */ = {
			isa = PBXNativeTarget;
			buildConfigurationList = C1B92C3C2517AC8400060E21 /* Build configuration list for PBXNativeTarget "Simple App" */;
			buildPhases = (
				C1B92C242517AC8300060E21 /* Sources */,
				C1B92C252517AC8300060E21 /* Frameworks */,
				C1B92C262517AC8300060E21 /* Resources */,
			);
			buildRules = (
			);
			dependencies = (
			);
			name = "Simple App";
			productName = "Simple App";
			productReference = C1B92C282517AC8300060E21 /* Simple App.app */;
			productType = "com.apple.product-type.application";
		};
/* End PBXNativeTarget section */

/* Begin PBXProject section */
		C1B92C202517AC8300060E21 /* Project object */ = {
			isa = PBXProject;
			attributes = {
				LastSwiftUpdateCheck = 1150;
				LastUpgradeCheck = 1150;
				ORGANIZATIONNAME = "Sydney Wu";
				TargetAttributes = {
					C1B92C272517AC8300060E21 = {
						CreatedOnToolsVersion = 11.5;
					};
				};
			};
			buildConfigurationList = C1B92C232517AC8300060E21 /* Build configuration list for PBXProject "Simple App" */;
			compatibilityVersion = "Xcode 9.3";
			developmentRegion = en;
			hasScannedForEncodings = 0;
			knownRegions = (
				en,
				Base,
			);
			mainGroup = C1B92C1F2517AC8300060E21;
			productRefGroup = C1B92C292517AC8300060E21 /* Products */;
			projectDirPath = "";
			projectRoot = "";
			targets = (
				C1B92C272517AC8300060E21 /* Simple App */,
			);
		};
/* End PBXProject section */

/* Begin PBXResourcesBuildPhase section */
		C1B92C262517AC8300060E21 /* Resources */ = {
			isa = PBXResourcesBuildPhase;
			buildActionMask = 2147483647;
			files = (
				C1B92C382517AC8400060E21 /* LaunchScreen.storyboard in Resources */,
				C1B92C352517AC8400060E21 /* Assets.xcassets in Resources */,
				C1B92C332517AC8300060E21 /* Main.storyboard in Resources */,
			);
			runOnlyForDeploymentPostprocessing = 0;
		};
/* End PBXResourcesBuildPhase section */

/* Begin PBXSourcesBuildPhase section */
		C1B92C242517AC8300060E21 /* Sources */ = {
			isa = PBXSourcesBuildPhase;
			buildActionMask = 2147483647;
			files = (
				C1B92C302517AC8300060E21 /* ViewController.swift in Sources */,
				C1B92C2C2517AC8300060E21 /* AppDelegate.swift in Sources */,
				C1B92C402519084A00060E21 /* Text.swift in Sources */,
				C1B92C4225190BD000060E21 /* HexColor.swift in Sources */,
				C1B92C2E2517AC8300060E21 /* SceneDelegate.swift in Sources */,
			);
			runOnlyForDeploymentPostprocessing = 0;
		};
/* End PBXSourcesBuildPhase section */

/* Begin PBXVariantGroup section */
		C1B92C312517AC8300060E21 /* Main.storyboard */ = {
			isa = PBXVariantGroup;
			children = (
				C1B92C322517AC8300060E21 /* Base */,
			);
			name = Main.storyboard;
			sourceTree = "<group>";
		};
		C1B92C362517AC8400060E21 /* LaunchScreen.storyboard */ = {
			isa = PBXVariantGroup;
			children = (
				C1B92C372517AC8400060E21 /* Base */,
			);
			name = LaunchScreen.storyboard;
			sourceTree = "<group>";
		};
/* End PBXVariantGroup section */

/* Begin XCBuildConfiguration section */
		C1B92C3A2517AC8400060E21 /* Debug */ = {
			isa = XCBuildConfiguration;
			buildSettings = {
				ALWAYS_SEARCH_USER_PATHS = NO;
				CLANG_ANALYZER_NONNULL = YES;
				CLANG_ANALYZER_NUMBER_OBJECT_CONVERSION = YES_AGGRESSIVE;
				CLANG_CXX_LANGUAGE_STANDARD = "gnu++14";
				CLANG_CXX_LIBRARY = "libc++";
				CLANG_ENABLE_MODULES = YES;
				CLANG_ENABLE_OBJC_ARC = YES;
				CLANG_ENABLE_OBJC_WEAK = YES;
				CLANG_WARN_BLOCK_CAPTURE_AUTORELEASING = YES;
				CLANG_WARN_BOOL_CONVERSION = YES;
				CLANG_WARN_COMMA = YES;
				CLANG_WARN_CONSTANT_CONVERSION = YES;
				CLANG_WARN_DEPRECATED_OBJC_IMPLEMENTATIONS = YES;
				CLANG_WARN_DIRECT_OBJC_ISA_USAGE = YES_ERROR;
				CLANG_WARN_DOCUMENTATION_COMMENTS = YES;
				CLANG_WARN_EMPTY_BODY = YES;
				CLANG_WARN_ENUM_CONVERSION = YES;
				CLANG_WARN_INFINITE_RECURSION = YES;
				CLANG_WARN_INT_CONVERSION = YES;
				CLANG_WARN_NON_LITERAL_NULL_CONVERSION = YES;
				CLANG_WARN_OBJC_IMPLICIT_RETAIN_SELF = YES;
				CLANG_WARN_OBJC_LITERAL_CONVERSION = YES;
				CLANG_WARN_OBJC_ROOT_CLASS = YES_ERROR;
				CLANG_WARN_RANGE_LOOP_ANALYSIS = YES;
				CLANG_WARN_STRICT_PROTOTYPES = YES;
				CLANG_WARN_SUSPICIOUS_MOVE = YES;
				CLANG_WARN_UNGUARDED_AVAILABILITY = YES_AGGRESSIVE;
				CLANG_WARN_UNREACHABLE_CODE = YES;
				CLANG_WARN__DUPLICATE_METHOD_MATCH = YES;
				COPY_PHASE_STRIP = NO;
				DEBUG_INFORMATION_FORMAT = dwarf;
				ENABLE_STRICT_OBJC_MSGSEND = YES;
				ENABLE_TESTABILITY = YES;
				GCC_C_LANGUAGE_STANDARD = gnu11;
				GCC_DYNAMIC_NO_PIC = NO;
				GCC_NO_COMMON_BLOCKS = YES;
				GCC_OPTIMIZATION_LEVEL = 0;
				GCC_PREPROCESSOR_DEFINITIONS = (
					"DEBUG=1",
					"$(inherited)",
				);
				GCC_WARN_64_TO_32_BIT_CONVERSION = YES;
				GCC_WARN_ABOUT_RETURN_TYPE = YES_ERROR;
				GCC_WARN_UNDECLARED_SELECTOR = YES;
				GCC_WARN_UNINITIALIZED_AUTOS = YES_AGGRESSIVE;
				GCC_WARN_UNUSED_FUNCTION = YES;
				GCC_WARN_UNUSED_VARIABLE = YES;
				IPHONEOS_DEPLOYMENT_TARGET = 13.5;
				MTL_ENABLE_DEBUG_INFO = INCLUDE_SOURCE;
				MTL_FAST_MATH = YES;
				ONLY_ACTIVE_ARCH = YES;
				SDKROOT = iphoneos;
				SWIFT_ACTIVE_COMPILATION_CONDITIONS = DEBUG;
				SWIFT_OPTIMIZATION_LEVEL = "-Onone";
			};
			name = Debug;
		};
		C1B92C3B2517AC8400060E21 /* Release */ = {
			isa = XCBuildConfiguration;
			buildSettings = {
				ALWAYS_SEARCH_USER_PATHS = NO;
				CLANG_ANALYZER_NONNULL = YES;
				CLANG_ANALYZER_NUMBER_OBJECT_CONVERSION = YES_AGGRESSIVE;
				CLANG_CXX_LANGUAGE_STANDARD = "gnu++14";
				CLANG_CXX_LIBRARY = "libc++";
				CLANG_ENABLE_MODULES = YES;
				CLANG_ENABLE_OBJC_ARC = YES;
				CLANG_ENABLE_OBJC_WEAK = YES;
				CLANG_WARN_BLOCK_CAPTURE_AUTORELEASING = YES;
				CLANG_WARN_BOOL_CONVERSION = YES;
				CLANG_WARN_COMMA = YES;
				CLANG_WARN_CONSTANT_CONVERSION = YES;
				CLANG_WARN_DEPRECATED_OBJC_IMPLEMENTATIONS = YES;
				CLANG_WARN_DIRECT_OBJC_ISA_USAGE = YES_ERROR;
				CLANG_WARN_DOCUMENTATION_COMMENTS = YES;
				CLANG_WARN_EMPTY_BODY = YES;
				CLANG_WARN_ENUM_CONVERSION = YES;
				CLANG_WARN_INFINITE_RECURSION = YES;
				CLANG_WARN_INT_CONVERSION = YES;
				CLANG_WARN_NON_LITERAL_NULL_CONVERSION = YES;
				CLANG_WARN_OBJC_IMPLICIT_RETAIN_SELF = YES;
				CLANG_WARN_OBJC_LITERAL_CONVERSION = YES;
				CLANG_WARN_OBJC_ROOT_CLASS = YES_ERROR;
				CLANG_WARN_RANGE_LOOP_ANALYSIS = YES;
				CLANG_WARN_STRICT_PROTOTYPES = YES;
				CLANG_WARN_SUSPICIOUS_MOVE = YES;
				CLANG_WARN_UNGUARDED_AVAILABILITY = YES_AGGRESSIVE;
				CLANG_WARN_UNREACHABLE_CODE = YES;
				CLANG_WARN__DUPLICATE_METHOD_MATCH = YES;
				COPY_PHASE_STRIP = NO;
				DEBUG_INFORMATION_FORMAT = "dwarf-with-dsym";
				ENABLE_NS_ASSERTIONS = NO;
				ENABLE_STRICT_OBJC_MSGSEND = YES;
				GCC_C_LANGUAGE_STANDARD = gnu11;
				GCC_NO_COMMON_BLOCKS = YES;
				GCC_WARN_64_TO_32_BIT_CONVERSION = YES;
				GCC_WARN_ABOUT_RETURN_TYPE = YES_ERROR;
				GCC_WARN_UNDECLARED_SELECTOR = YES;
				GCC_WARN_UNINITIALIZED_AUTOS = YES_AGGRESSIVE;
				GCC_WARN_UNUSED_FUNCTION = YES;
				GCC_WARN_UNUSED_VARIABLE = YES;
				IPHONEOS_DEPLOYMENT_TARGET = 13.5;
				MTL_ENABLE_DEBUG_INFO = NO;
				MTL_FAST_MATH = YES;
				SDKROOT = iphoneos;
				SWIFT_COMPILATION_MODE = wholemodule;
				SWIFT_OPTIMIZATION_LEVEL = "-O";
				VALIDATE_PRODUCT = YES;
			};
			name = Release;
		};
		C1B92C3D2517AC8400060E21 /* Debug */ = {
			isa = XCBuildConfiguration;
			buildSettings = {
				ASSETCATALOG_COMPILER_APPICON_NAME = AppIcon;
				CODE_SIGN_STYLE = Automatic;
				INFOPLIST_FILE = "Simple App/Info.plist";
				LD_RUNPATH_SEARCH_PATHS = (
					"$(inherited)",
					"@executable_path/Frameworks",
				);
				PRODUCT_BUNDLE_IDENTIFIER = "com.HumanSoWhat.Simple-App";
				PRODUCT_NAME = "$(TARGET_NAME)";
				SWIFT_VERSION = 5.0;
				TARGETED_DEVICE_FAMILY = "1,2";
			};
			name = Debug;
		};
		C1B92C3E2517AC8400060E21 /* Release */ = {
			isa = XCBuildConfiguration;
			buildSettings = {
				ASSETCATALOG_COMPILER_APPICON_NAME = AppIcon;
				CODE_SIGN_STYLE = Automatic;
				INFOPLIST_FILE = "Simple App/Info.plist";
				LD_RUNPATH_SEARCH_PATHS = (
					"$(inherited)",
					"@executable_path/Frameworks",
				);
				PRODUCT_BUNDLE_IDENTIFIER = "com.HumanSoWhat.Simple-App";
				PRODUCT_NAME = "$(TARGET_NAME)";
				SWIFT_VERSION = 5.0;
				TARGETED_DEVICE_FAMILY = "1,2";
			};
			name = Release;
		};
/* End XCBuildConfiguration section */

/* Begin XCConfigurationList section */
		C1B92C232517AC8300060E21 /* Build configuration list for PBXProject "Simple App" */ = {
			isa = XCConfigurationList;
			buildConfigurations = (
				C1B92C3A2517AC8400060E21 /* Debug */,
				C1B92C3B2517AC8400060E21 /* Release */,
			);
			defaultConfigurationIsVisible = 0;
			defaultConfigurationName = Release;
		};
		C1B92C3C2517AC8400060E21 /* Build configuration list for PBXNativeTarget "Simple App" */ = {
			isa = XCConfigurationList;
			buildConfigurations = (
				C1B92C3D2517AC8400060E21 /* Debug */,
				C1B92C3E2517AC8400060E21 /* Release */,
			);
			defaultConfigurationIsVisible = 0;
			defaultConfigurationName = Release;
		};
/* End XCConfigurationList section */
	};
	rootObject = C1B92C202517AC8300060E21 /* Project object */;
}
